
Microsoft Visual Studio Solution File, Format Version 12.00
# Visual Studio Version 16
VisualStudioVersion = 16.0.30503.244
MinimumVisualStudioVersion = 10.0.40219.1
Project("{9092AA53-FB77-4645-B42D-1CCCA6BD08BD}") = "BOT KONPLOT TO ARDUINO", "BOT KONPLOT TO ARDUINO.njsproj", "{2D06C928-D646-4517-BB7B-6613D5884818}"
EndProject
Global
	GlobalSection(SolutionConfigurationPlatforms) = preSolution
		Debug|Any CPU = Debug|Any CPU
		Release|Any CPU = Release|Any CPU
	EndGlobalSection
	GlobalSection(ProjectConfigurationPlatforms) = postSolution
		{2D06C928-D646-4517-BB7B-6613D5884818}.Debug|Any CPU.ActiveCfg = Debug|Any CPU
		{2D06C928-D646-4517-BB7B-6613D5884818}.Debug|Any CPU.Build.0 = Debug|Any CPU
		{2D06C928-D646-4517-BB7B-6613D5884818}.Release|Any CPU.ActiveCfg = Release|Any CPU
		{2D06C928-D646-4517-BB7B-6613D5884818}.Release|Any CPU.Build.0 = Release|Any CPU
	EndGlobalSection
	GlobalSection(SolutionProperties) = preSolution
		HideSolutionNode = FALSE
	EndGlobalSection
	GlobalSection(ExtensibilityGlobals) = postSolution
		SolutionGuid = {2F1EE273-9B9C-4497-A7D3-6C3BF7497C71}
	EndGlobalSection
EndGlobal
